// !$*UTF8*$!
{
	archiveVersion = 1;
	classes = {
	};
	objectVersion = 46;
	objects = {

/* Begin PBXBuildFile section */
		21D3DEAF12F60447DDAE6110 /* libPods-demo01.a in Frameworks */ = {isa = PBXBuildFile; fileRef = C31942AEAB92883B204EB2F5 /* libPods-demo01.a */; };
		A28657CA1DCC768300CB6F55 /* main.m in Sources */ = {isa = PBXBuildFile; fileRef = A28657C91DCC768300CB6F55 /* main.m */; };
		A28657CD1DCC768300CB6F55 /* STAppDelegate.m in Sources */ = {isa = PBXBuildFile; fileRef = A28657CC1DCC768300CB6F55 /* STAppDelegate.m */; };
		A28657D01DCC768300CB6F55 /* STMainViewController.m in Sources */ = {isa = PBXBuildFile; fileRef = A28657CF1DCC768300CB6F55 /* STMainViewController.m */; };
		A28657D31DCC768300CB6F55 /* Main.storyboard in Resources */ = {isa = PBXBuildFile; fileRef = A28657D11DCC768300CB6F55 /* Main.storyboard */; };
		A28657D51DCC768300CB6F55 /* Assets.xcassets in Resources */ = {isa = PBXBuildFile; fileRef = A28657D41DCC768300CB6F55 /* Assets.xcassets */; };
		A28657D81DCC768300CB6F55 /* LaunchScreen.storyboard in Resources */ = {isa = PBXBuildFile; fileRef = A28657D61DCC768300CB6F55 /* LaunchScreen.storyboard */; };
/* End PBXBuildFile section */

/* Begin PBXFileReference section */
		47163F68A77B80DF01615CE5 /* Pods-demo01.debug.xcconfig */ = {isa = PBXFileReference; includeInIndex = 1; lastKnownFileType = text.xcconfig; name = "Pods-demo01.debug.xcconfig"; path = "Pods/Target Support Files/Pods-demo01/Pods-demo01.debug.xcconfig"; sourceTree = "<group>"; };
		57A366F01B73DD9D280013F3 /* Pods-demo01.release.xcconfig */ = {isa = PBXFileReference; includeInIndex = 1; lastKnownFileType = text.xcconfig; name = "Pods-demo01.release.xcconfig"; path = "Pods/Target Support Files/Pods-demo01/Pods-demo01.release.xcconfig"; sourceTree = "<group>"; };
		A28657C51DCC768300CB6F55 /* demo01.app */ = {isa = PBXFileReference; explicitFileType = wrapper.application; includeInIndex = 0; path = demo01.app; sourceTree = BUILT_PRODUCTS_DIR; };
		A28657C91DCC768300CB6F55 /* main.m */ = {isa = PBXFileReference; lastKnownFileType = sourcecode.c.objc; path = main.m; sourceTree = "<group>"; };
		A28657CB1DCC768300CB6F55 /* STAppDelegate.h */ = {isa = PBXFileReference; lastKnownFileType = sourcecode.c.h; path = STAppDelegate.h; sourceTree = "<group>"; };
		A28657CC1DCC768300CB6F55 /* STAppDelegate.m */ = {isa = PBXFileReference; lastKnownFileType = sourcecode.c.objc; path = STAppDelegate.m; sourceTree = "<group>"; };
		A28657CE1DCC768300CB6F55 /* STMainViewController.h */ = {isa = PBXFileReference; lastKnownFileType = sourcecode.c.h; path = STMainViewController.h; sourceTree = "<group>"; };
		A28657CF1DCC768300CB6F55 /* STMainViewController.m */ = {isa = PBXFileReference; lastKnownFileType = sourcecode.c.objc; path = STMainViewController.m; sourceTree = "<group>"; };
		A28657D21DCC768300CB6F55 /* Base */ = {isa = PBXFileReference; lastKnownFileType = file.storyboard; name = Base; path = Base.lproj/Main.storyboard; sourceTree = "<group>"; };
		A28657D41DCC768300CB6F55 /* Assets.xcassets */ = {isa = PBXFileReference; lastKnownFileType = folder.assetcatalog; path = Assets.xcassets; sourceTree = "<group>"; };
		A28657D71DCC768300CB6F55 /* Base */ = {isa = PBXFileReference; lastKnownFileType = file.storyboard; name = Base; path = Base.lproj/LaunchScreen.storyboard; sourceTree = "<group>"; };
		A28657D91DCC768300CB6F55 /* Info.plist */ = {isa = PBXFileReference; lastKnownFileType = text.plist.xml; path = Info.plist; sourceTree = "<group>"; };
		C31942AEAB92883B204EB2F5 /* libPods-demo01.a */ = {isa = PBXFileReference; explicitFileType = archive.ar; includeInIndex = 0; path = "libPods-demo01.a"; sourceTree = BUILT_PRODUCTS_DIR; };
/* End PBXFileReference section */

/* Begin PBXFrameworksBuildPhase section */
		A28657C21DCC768300CB6F55 /* Frameworks */ = {
			isa = PBXFrameworksBuildPhase;
			buildActionMask = 2147483647;
			files = (
				21D3DEAF12F60447DDAE6110 /* libPods-demo01.a in Frameworks */,
			);
			runOnlyForDeploymentPostprocessing = 0;
		};
/* End PBXFrameworksBuildPhase section */

/* Begin PBXGroup section */
		1F32505103467074BBFEBD2A /* Pods */ = {
			isa = PBXGroup;
			children = (
				47163F68A77B80DF01615CE5 /* Pods-demo01.debug.xcconfig */,
				57A366F01B73DD9D280013F3 /* Pods-demo01.release.xcconfig */,
			);
			name = Pods;
			sourceTree = "<group>";
		};
		3CA35D40B0AD35C3631E659B /* Frameworks */ = {
			isa = PBXGroup;
			children = (
				C31942AEAB92883B204EB2F5 /* libPods-demo01.a */,
			);
			name = Frameworks;
			sourceTree = "<group>";
		};
		A28657BC1DCC768300CB6F55 = {
			isa = PBXGroup;
			children = (
				A28657C71DCC768300CB6F55 /* demo01 */,
				A28657C61DCC768300CB6F55 /* Products */,
				1F32505103467074BBFEBD2A /* Pods */,
				3CA35D40B0AD35C3631E659B /* Frameworks */,
			);
			sourceTree = "<group>";
		};
		A28657C61DCC768300CB6F55 /* Products */ = {
			isa = PBXGroup;
			children = (
				A28657C51DCC768300CB6F55 /* demo01.app */,
			);
			name = Products;
			sourceTree = "<group>";
		};
		A28657C71DCC768300CB6F55 /* demo01 */ = {
			isa = PBXGroup;
			children = (
				A28657CB1DCC768300CB6F55 /* STAppDelegate.h */,
				A28657CC1DCC768300CB6F55 /* STAppDelegate.m */,
				A28657CE1DCC768300CB6F55 /* STMainViewController.h */,
				A28657CF1DCC768300CB6F55 /* STMainViewController.m */,
				A28657D11DCC768300CB6F55 /* Main.storyboard */,
				A28657D41DCC768300CB6F55 /* Assets.xcassets */,
				A28657D61DCC768300CB6F55 /* LaunchScreen.storyboard */,
				A28657D91DCC768300CB6F55 /* Info.plist */,
				A28657C81DCC768300CB6F55 /* Supporting Files */,
			);
			path = demo01;
			sourceTree = "<group>";
		};
		A28657C81DCC768300CB6F55 /* Supporting Files */ = {
			isa = PBXGroup;
			children = (
				A28657C91DCC768300CB6F55 /* main.m */,
			);
			name = "Supporting Files";
			sourceTree = "<group>";
		};
/* End PBXGroup section */

/* Begin PBXNativeTarget section */
		A28657C41DCC768300CB6F55 /* demo01 */ = {
			isa = PBXNativeTarget;
			buildConfigurationList = A28657DC1DCC768300CB6F55 /* Build configuration list for PBXNativeTarget "demo01" */;
			buildPhases = (
				89E4B5326D84150DD03DA819 /* [CP] Check Pods Manifest.lock */,
				A28657C11DCC768300CB6F55 /* Sources */,
				A28657C21DCC768300CB6F55 /* Frameworks */,
				A28657C31DCC768300CB6F55 /* Resources */,
				4BAC395663A26BABC2B83E02 /* [CP] Embed Pods Frameworks */,
				F9FC97AE031F21A9F28EFFE6 /* [CP] Copy Pods Resources */,
			);
			buildRules = (
			);
			dependencies = (
			);
			name = demo01;
			productName = demo01;
			productReference = A28657C51DCC768300CB6F55 /* demo01.app */;
			productType = "com.apple.product-type.application";
		};
/* End PBXNativeTarget section */

/* Begin PBXProject section */
		A28657BD1DCC768300CB6F55 /* Project object */ = {
			isa = PBXProject;
			attributes = {
				LastUpgradeCheck = 0800;
				ORGANIZATIONNAME = bokeadmin;
				TargetAttributes = {
					A28657C41DCC768300CB6F55 = {
						CreatedOnToolsVersion = 8.0;
						DevelopmentTeam = MLJ42N55L3;
						ProvisioningStyle = Automatic;
					};
				};
			};
			buildConfigurationList = A28657C01DCC768300CB6F55 /* Build configuration list for PBXProject "demo01" */;
			compatibilityVersion = "Xcode 3.2";
			developmentRegion = English;
			hasScannedForEncodings = 0;
			knownRegions = (
				en,
				Base,
			);
			mainGroup = A28657BC1DCC768300CB6F55;
			productRefGroup = A28657C61DCC768300CB6F55 /* Products */;
			projectDirPath = "";
			projectRoot = "";
			targets = (
				A28657C41DCC768300CB6F55 /* demo01 */,
			);
		};
/* End PBXProject section */

/* Begin PBXResourcesBuildPhase section */
		A28657C31DCC768300CB6F55 /* Resources */ = {
			isa = PBXResourcesBuildPhase;
			buildActionMask = 2147483647;
			files = (
				A28657D81DCC768300CB6F55 /* LaunchScreen.storyboard in Resources */,
				A28657D51DCC768300CB6F55 /* Assets.xcassets in Resources */,
				A28657D31DCC768300CB6F55 /* Main.storyboard in Resources */,
			);
			runOnlyForDeploymentPostprocessing = 0;
		};
/* End PBXResourcesBuildPhase section */

/* Begin PBXShellScriptBuildPhase section */
		4BAC395663A26BABC2B83E02 /* [CP] Embed Pods Frameworks */ = {
			isa = PBXShellScriptBuildPhase;
			buildActionMask = 2147483647;
			files = (
			);
			inputPaths = (
			);
			name = "[CP] Embed Pods Frameworks";
			outputPaths = (
			);
			runOnlyForDeploymentPostprocessing = 0;
			shellPath = /bin/sh;
			shellScript = "\"${SRCROOT}/Pods/Target Support Files/Pods-demo01/Pods-demo01-frameworks.sh\"\n";
			showEnvVarsInLog = 0;
		};
		89E4B5326D84150DD03DA819 /* [CP] Check Pods Manifest.lock */ = {
			isa = PBXShellScriptBuildPhase;
			buildActionMask = 2147483647;
			files = (
			);
			inputPaths = (
			);
			name = "[CP] Check Pods Manifest.lock";
			outputPaths = (
			);
			runOnlyForDeploymentPostprocessing = 0;
			shellPath = /bin/sh;
			shellScript = "diff \"${PODS_ROOT}/../Podfile.lock\" \"${PODS_ROOT}/Manifest.lock\" > /dev/null\nif [ $? != 0 ] ; then\n    # print error to STDERR\n    echo \"error: The sandbox is not in sync with the Podfile.lock. Run 'pod install' or update your CocoaPods installation.\" >&2\n    exit 1\nfi\n";
			showEnvVarsInLog = 0;
		};
		F9FC97AE031F21A9F28EFFE6 /* [CP] Copy Pods Resources */ = {
			isa = PBXShellScriptBuildPhase;
			buildActionMask = 2147483647;
			files = (
			);
			inputPaths = (
			);
			name = "[CP] Copy Pods Resources";
			outputPaths = (
			);
			runOnlyForDeploymentPostprocessing = 0;
			shellPath = /bin/sh;
			shellScript = "\"${SRCROOT}/Pods/Target Support Files/Pods-demo01/Pods-demo01-resources.sh\"\n";
			showEnvVarsInLog = 0;
		};
/* End PBXShellScriptBuildPhase section */

/* Begin PBXSourcesBuildPhase section */
		A28657C11DCC768300CB6F55 /* Sources */ = {
			isa = PBXSourcesBuildPhase;
			buildActionMask = 2147483647;
			files = (
				A28657D01DCC768300CB6F55 /* STMainViewController.m in Sources */,
				A28657CD1DCC768300CB6F55 /* STAppDelegate.m in Sources */,
				A28657CA1DCC768300CB6F55 /* main.m in Sources */,
			);
			runOnlyForDeploymentPostprocessing = 0;
		};
/* End PBXSourcesBuildPhase section */

/* Begin PBXVariantGroup section */
		A28657D11DCC768300CB6F55 /* Main.storyboard */ = {
			isa = PBXVariantGroup;
			children = (
				A28657D21DCC768300CB6F55 /* Base */,
			);
			name = Main.storyboard;
			sourceTree = "<group>";
		};
		A28657D61DCC768300CB6F55 /* LaunchScreen.storyboard */ = {
			isa = PBXVariantGroup;
			children = (
				A28657D71DCC768300CB6F55 /* Base */,
			);
			name = LaunchScreen.storyboard;
			sourceTree = "<group>";
		};
/* End PBXVariantGroup section */

/* Begin XCBuildConfiguration section */
		A28657DA1DCC768300CB6F55 /* Debug */ = {
			isa = XCBuildConfiguration;
			buildSettings = {
				ALWAYS_SEARCH_USER_PATHS = NO;
				CLANG_ANALYZER_NONNULL = YES;
				CLANG_CXX_LANGUAGE_STANDARD = "gnu++0x";
				CLANG_CXX_LIBRARY = "libc++";
				CLANG_ENABLE_MODULES = YES;
				CLANG_ENABLE_OBJC_ARC = YES;
				CLANG_WARN_BOOL_CONVERSION = YES;
				CLANG_WARN_CONSTANT_CONVERSION = YES;
				CLANG_WARN_DIRECT_OBJC_ISA_USAGE = YES_ERROR;
				CLANG_WARN_DOCUMENTATION_COMMENTS = YES;
				CLANG_WARN_EMPTY_BODY = YES;
				CLANG_WARN_ENUM_CONVERSION = YES;
				CLANG_WARN_INFINITE_RECURSION = YES;
				CLANG_WARN_INT_CONVERSION = YES;
				CLANG_WARN_OBJC_ROOT_CLASS = YES_ERROR;
				CLANG_WARN_SUSPICIOUS_MOVES = YES;
				CLANG_WARN_UNREACHABLE_CODE = YES;
				CLANG_WARN__DUPLICATE_METHOD_MATCH = YES;
				"CODE_SIGN_IDENTITY[sdk=iphoneos*]" = "iPhone Developer";
				COPY_PHASE_STRIP = NO;
				DEBUG_INFORMATION_FORMAT = dwarf;
				ENABLE_STRICT_OBJC_MSGSEND = YES;
				ENABLE_TESTABILITY = YES;
				GCC_C_LANGUAGE_STANDARD = gnu99;
				GCC_DYNAMIC_NO_PIC = NO;
				GCC_NO_COMMON_BLOCKS = YES;
				GCC_OPTIMIZATION_LEVEL = 0;
				GCC_PREPROCESSOR_DEFINITIONS = (
					"DEBUG=1",
					"$(inherited)",
				);
				GCC_WARN_64_TO_32_BIT_CONVERSION = YES;
				GCC_WARN_ABOUT_RETURN_TYPE = YES_ERROR;
				GCC_WARN_UNDECLARED_SELECTOR = YES;
				GCC_WARN_UNINITIALIZED_AUTOS = YES_AGGRESSIVE;
				GCC_WARN_UNUSED_FUNCTION = YES;
				GCC_WARN_UNUSED_VARIABLE = YES;
				IPHONEOS_DEPLOYMENT_TARGET = 10.0;
				MTL_ENABLE_DEBUG_INFO = YES;
				ONLY_ACTIVE_ARCH = YES;
				SDKROOT = iphoneos;
			};
			name = Debug;
		};
		A28657DB1DCC768300CB6F55 /* Release */ = {
			isa = XCBuildConfiguration;
			buildSettings = {
				ALWAYS_SEARCH_USER_PATHS = NO;
				CLANG_ANALYZER_NONNULL = YES;
				CLANG_CXX_LANGUAGE_STANDARD = "gnu++0x";
				CLANG_CXX_LIBRARY = "libc++";
				CLANG_ENABLE_MODULES = YES;
				CLANG_ENABLE_OBJC_ARC = YES;
				CLANG_WARN_BOOL_CONVERSION = YES;
				CLANG_WARN_CONSTANT_CONVERSION = YES;
				CLANG_WARN_DIRECT_OBJC_ISA_USAGE = YES_ERROR;
				CLANG_WARN_DOCUMENTATION_COMMENTS = YES;
				CLANG_WARN_EMPTY_BODY = YES;
				CLANG_WARN_ENUM_CONVERSION = YES;
				CLANG_WARN_INFINITE_RECURSION = YES;
				CLANG_WARN_INT_CONVERSION = YES;
				CLANG_WARN_OBJC_ROOT_CLASS = YES_ERROR;
				CLANG_WARN_SUSPICIOUS_MOVES = YES;
				CLANG_WARN_UNREACHABLE_CODE = YES;
				CLANG_WARN__DUPLICATE_METHOD_MATCH = YES;
				"CODE_SIGN_IDENTITY[sdk=iphoneos*]" = "iPhone Developer";
				COPY_PHASE_STRIP = NO;
				DEBUG_INFORMATION_FORMAT = "dwarf-with-dsym";
				ENABLE_NS_ASSERTIONS = NO;
				ENABLE_STRICT_OBJC_MSGSEND = YES;
				GCC_C_LANGUAGE_STANDARD = gnu99;
				GCC_NO_COMMON_BLOCKS = YES;
				GCC_WARN_64_TO_32_BIT_CONVERSION = YES;
				GCC_WARN_ABOUT_RETURN_TYPE = YES_ERROR;
				GCC_WARN_UNDECLARED_SELECTOR = YES;
				GCC_WARN_UNINITIALIZED_AUTOS = YES_AGGRESSIVE;
				GCC_WARN_UNUSED_FUNCTION = YES;
				GCC_WARN_UNUSED_VARIABLE = YES;
				IPHONEOS_DEPLOYMENT_TARGET = 10.0;
				MTL_ENABLE_DEBUG_INFO = NO;
				SDKROOT = iphoneos;
				VALIDATE_PRODUCT = YES;
			};
			name = Release;
		};
		A28657DD1DCC768300CB6F55 /* Debug */ = {
			isa = XCBuildConfiguration;
			baseConfigurationReference = 47163F68A77B80DF01615CE5 /* Pods-demo01.debug.xcconfig */;
			buildSettings = {
				ASSETCATALOG_COMPILER_APPICON_NAME = AppIcon;
				DEVELOPMENT_TEAM = MLJ42N55L3;
				INFOPLIST_FILE = demo01/Info.plist;
				IPHONEOS_DEPLOYMENT_TARGET = 9.3;
				LD_RUNPATH_SEARCH_PATHS = "$(inherited) @executable_path/Frameworks";
				PRODUCT_BUNDLE_IDENTIFIER = person.zhongyuan.demo01;
				PRODUCT_NAME = "$(TARGET_NAME)";
			};
			name = Debug;
		};
		A28657DE1DCC768300CB6F55 /* Release */ = {
			isa = XCBuildConfiguration;
			baseConfigurationReference = 57A366F01B73DD9D280013F3 /* Pods-demo01.release.xcconfig */;
			buildSettings = {
				ASSETCATALOG_COMPILER_APPICON_NAME = AppIcon;
				DEVELOPMENT_TEAM = MLJ42N55L3;
				INFOPLIST_FILE = demo01/Info.plist;
				IPHONEOS_DEPLOYMENT_TARGET = 9.3;
				LD_RUNPATH_SEARCH_PATHS = "$(inherited) @executable_path/Frameworks";
				PRODUCT_BUNDLE_IDENTIFIER = person.zhongyuan.demo01;
				PRODUCT_NAME = "$(TARGET_NAME)";
			};
			name = Release;
		};
/* End XCBuildConfiguration section */

/* Begin XCConfigurationList section */
		A28657C01DCC768300CB6F55 /* Build configuration list for PBXProject "demo01" */ = {
			isa = XCConfigurationList;
			buildConfigurations = (
				A28657DA1DCC768300CB6F55 /* Debug */,
				A28657DB1DCC768300CB6F55 /* Release */,
			);
			defaultConfigurationIsVisible = 0;
			defaultConfigurationName = Release;
		};
		A28657DC1DCC768300CB6F55 /* Build configuration list for PBXNativeTarget "demo01" */ = {
			isa = XCConfigurationList;
			buildConfigurations = (
				A28657DD1DCC768300CB6F55 /* Debug */,
				A28657DE1DCC768300CB6F55 /* Release */,
			);
			defaultConfigurationIsVisible = 0;
			defaultConfigurationName = Release;
		};
/* End XCConfigurationList section */
	};
	rootObject = A28657BD1DCC768300CB6F55 /* Project object */;
}
